
Microsoft Visual Studio Solution File, Format Version 12.00
# Visual Studio Version 17
VisualStudioVersion = 17.10.35004.147
MinimumVisualStudioVersion = 10.0.40219.1
Project("{FAE04EC0-301F-11D3-BF4B-00C04F79EFBC}") = "RestProxy", "RestProxy\RestProxy.csproj", "{33F9CF54-A6C2-4C6C-9E2E-A82E4BA8FB41}"
EndProject
Global
	GlobalSection(SolutionConfigurationPlatforms) = preSolution
		Debug|Any CPU = Debug|Any CPU
		Release|Any CPU = Release|Any CPU
	EndGlobalSection
	GlobalSection(ProjectConfigurationPlatforms) = postSolution
		{33F9CF54-A6C2-4C6C-9E2E-A82E4BA8FB41}.Debug|Any CPU.ActiveCfg = Debug|Any CPU
		{33F9CF54-A6C2-4C6C-9E2E-A82E4BA8FB41}.Debug|Any CPU.Build.0 = Debug|Any CPU
		{33F9CF54-A6C2-4C6C-9E2E-A82E4BA8FB41}.Release|Any CPU.ActiveCfg = Release|Any CPU
		{33F9CF54-A6C2-4C6C-9E2E-A82E4BA8FB41}.Release|Any CPU.Build.0 = Release|Any CPU
	EndGlobalSection
	GlobalSection(SolutionProperties) = preSolution
		HideSolutionNode = FALSE
	EndGlobalSection
	GlobalSection(ExtensibilityGlobals) = postSolution
		SolutionGuid = {326AF1F9-632F-4703-B084-E4A8074F7588}
	EndGlobalSection
EndGlobal
